# This file is automatically @generated by Poetry 2.0.1 and should not be changed by hand.

[[package]]
name = "httplib2"
version = "0.31.0"
description = "A comprehensive HTTP client library."
optional = false
python-versions = ">=3.6"
groups = ["main"]
files = [
    {file = "httplib2-0.31.0-py3-none-any.whl", hash = "sha256:b9cd78abea9b4e43a7714c6e0f8b6b8561a6fc1e95d5dbd367f5bf0ef35f5d24"},
    {file = "httplib2-0.31.0.tar.gz", hash = "sha256:ac7ab497c50975147d4f7b1ade44becc7df2f8954d42b38b3d69c515f531135c"},
]

[package.dependencies]
pyparsing = ">=3.0.4,<4"

[[package]]
name = "plantuml"
version = "0.3.0"
description = ""
optional = false
python-versions = "*"
groups = ["main"]
files = [
    {file = "plantuml-0.3.0-py3-none-any.whl", hash = "sha256:f21789bc4abc3e8888d23a8fa010e942989f1a73d6e50e10a54688cbee52aa1c"},
]

[package.dependencies]
httplib2 = "*"

[[package]]
name = "pyparsing"
version = "3.2.5"
description = "pyparsing - Classes and methods to define and execute parsing grammars"
optional = false
python-versions = ">=3.9"
groups = ["main"]
files = [
    {file = "pyparsing-3.2.5-py3-none-any.whl", hash = "sha256:e38a4f02064cf41fe6593d328d0512495ad1f3d8a91c4f73fc401b3079a59a5e"},
    {file = "pyparsing-3.2.5.tar.gz", hash = "sha256:2df8d5b7b2802ef88e8d016a2eb9c7aeaa923529cd251ed0fe4608275d4105b6"},
]

[package.extras]
diagrams = ["jinja2", "railroad-diagrams"]

[metadata]
lock-version = "2.1"
python-versions = ">=3.13,<4"
content-hash = "079d4c265bb615abce227669b38cb17106510f15b16f11b7afcfea086f85ad74"
